
Microsoft Visual Studio Solution File, Format Version 12.00
# Visual Studio Version 17
VisualStudioVersion = 17.7.34031.279
MinimumVisualStudioVersion = 10.0.40219.1
Project("{FAE04EC0-301F-11D3-BF4B-00C04F79EFBC}") = "problema06_lab11", "problema06_lab11.csproj", "{D38EA02B-4A5A-4352-BE52-273F0E7365FE}"
EndProject
Global
	GlobalSection(SolutionConfigurationPlatforms) = preSolution
		Debug|Any CPU = Debug|Any CPU
		Release|Any CPU = Release|Any CPU
	EndGlobalSection
	GlobalSection(ProjectConfigurationPlatforms) = postSolution
		{D38EA02B-4A5A-4352-BE52-273F0E7365FE}.Debug|Any CPU.ActiveCfg = Debug|Any CPU
		{D38EA02B-4A5A-4352-BE52-273F0E7365FE}.Debug|Any CPU.Build.0 = Debug|Any CPU
		{D38EA02B-4A5A-4352-BE52-273F0E7365FE}.Release|Any CPU.ActiveCfg = Release|Any CPU
		{D38EA02B-4A5A-4352-BE52-273F0E7365FE}.Release|Any CPU.Build.0 = Release|Any CPU
	EndGlobalSection
	GlobalSection(SolutionProperties) = preSolution
		HideSolutionNode = FALSE
	EndGlobalSection
	GlobalSection(ExtensibilityGlobals) = postSolution
		SolutionGuid = {B9350730-5825-4FBF-A652-156C8C954CD9}
	EndGlobalSection
EndGlobal
